
Microsoft Visual Studio Solution File, Format Version 12.00
# Visual Studio Version 17
VisualStudioVersion = 17.0.31903.59
MinimumVisualStudioVersion = 10.0.40219.1
Project("{F2A71F9B-5D33-465A-A702-920D77279786}") = "WebFlows", "src\WebFlows\WebFlows.fsproj", "{D93C4D13-1D7B-4909-AA87-61110BB07875}"
EndProject
Project("{F2A71F9B-5D33-465A-A702-920D77279786}") = "FsPlay", "src\FsPlay\FsPlay.fsproj", "{AFFDAB4A-89B7-43EC-8EAE-84A92E5158E7}"
EndProject
Project("{F2A71F9B-5D33-465A-A702-920D77279786}") = "FsPlay.Abstractions", "src\FsPlay.Abstractions\FsPlay.Abstractions.fsproj", "{507B55A7-7237-4568-AAD1-019AD3E36CE8}"
EndProject
Project("{F2A71F9B-5D33-465A-A702-920D77279786}") = "RTFlow", "src\RTFlow\RTFlow.fsproj", "{14716618-C42A-4268-91D7-C7CF40F865F7}"
EndProject
Project("{F2A71F9B-5D33-465A-A702-920D77279786}") = "FsPlan", "src\FsPlan\FsPlan.fsproj", "{EE74BC0C-89CD-4508-9BD6-A8220A947844}"
EndProject
Project("{F2A71F9B-5D33-465A-A702-920D77279786}") = "FsAICore", "src\FsAICore\FsAICore.fsproj", "{1D06C756-4B39-459F-A131-AD7557C5F430}"
EndProject
Project("{2150E333-8FDC-42A3-9474-1A3956D46DE8}") = "Samples", "Samples", "{43D81633-74DF-49BE-8911-4E2BB20A9860}"
EndProject
Project("{F2A71F9B-5D33-465A-A702-920D77279786}") = "CuaSample", "src\samples\CuaSample\CuaSample.fsproj", "{ECF69832-CFC7-4342-9523-DE4E44EB9792}"
EndProject
Project("{F2A71F9B-5D33-465A-A702-920D77279786}") = "PortIn", "src\samples\PortIn\PortIn.fsproj", "{7DA80943-CFC8-5453-A634-EF5F55FC9903}"
EndProject
Global
	GlobalSection(SolutionConfigurationPlatforms) = preSolution
		Debug|Any CPU = Debug|Any CPU
		Debug|x64 = Debug|x64
		Debug|x86 = Debug|x86
		Release|Any CPU = Release|Any CPU
		Release|x64 = Release|x64
		Release|x86 = Release|x86
	EndGlobalSection
	GlobalSection(ProjectConfigurationPlatforms) = postSolution
		{D93C4D13-1D7B-4909-AA87-61110BB07875}.Debug|Any CPU.ActiveCfg = Debug|Any CPU
		{D93C4D13-1D7B-4909-AA87-61110BB07875}.Debug|Any CPU.Build.0 = Debug|Any CPU
		{D93C4D13-1D7B-4909-AA87-61110BB07875}.Debug|x64.ActiveCfg = Debug|Any CPU
		{D93C4D13-1D7B-4909-AA87-61110BB07875}.Debug|x64.Build.0 = Debug|Any CPU
		{D93C4D13-1D7B-4909-AA87-61110BB07875}.Debug|x86.ActiveCfg = Debug|Any CPU
		{D93C4D13-1D7B-4909-AA87-61110BB07875}.Debug|x86.Build.0 = Debug|Any CPU
		{D93C4D13-1D7B-4909-AA87-61110BB07875}.Release|Any CPU.ActiveCfg = Release|Any CPU
		{D93C4D13-1D7B-4909-AA87-61110BB07875}.Release|Any CPU.Build.0 = Release|Any CPU
		{D93C4D13-1D7B-4909-AA87-61110BB07875}.Release|x64.ActiveCfg = Release|Any CPU
		{D93C4D13-1D7B-4909-AA87-61110BB07875}.Release|x64.Build.0 = Release|Any CPU
		{D93C4D13-1D7B-4909-AA87-61110BB07875}.Release|x86.ActiveCfg = Release|Any CPU
		{D93C4D13-1D7B-4909-AA87-61110BB07875}.Release|x86.Build.0 = Release|Any CPU
		{AFFDAB4A-89B7-43EC-8EAE-84A92E5158E7}.Debug|Any CPU.ActiveCfg = Debug|Any CPU
		{AFFDAB4A-89B7-43EC-8EAE-84A92E5158E7}.Debug|Any CPU.Build.0 = Debug|Any CPU
		{AFFDAB4A-89B7-43EC-8EAE-84A92E5158E7}.Debug|x64.ActiveCfg = Debug|Any CPU
		{AFFDAB4A-89B7-43EC-8EAE-84A92E5158E7}.Debug|x64.Build.0 = Debug|Any CPU
		{AFFDAB4A-89B7-43EC-8EAE-84A92E5158E7}.Debug|x86.ActiveCfg = Debug|Any CPU
		{AFFDAB4A-89B7-43EC-8EAE-84A92E5158E7}.Debug|x86.Build.0 = Debug|Any CPU
		{AFFDAB4A-89B7-43EC-8EAE-84A92E5158E7}.Release|Any CPU.ActiveCfg = Release|Any CPU
		{AFFDAB4A-89B7-43EC-8EAE-84A92E5158E7}.Release|Any CPU.Build.0 = Release|Any CPU
		{AFFDAB4A-89B7-43EC-8EAE-84A92E5158E7}.Release|x64.ActiveCfg = Release|Any CPU
		{AFFDAB4A-89B7-43EC-8EAE-84A92E5158E7}.Release|x64.Build.0 = Release|Any CPU
		{AFFDAB4A-89B7-43EC-8EAE-84A92E5158E7}.Release|x86.ActiveCfg = Release|Any CPU
		{AFFDAB4A-89B7-43EC-8EAE-84A92E5158E7}.Release|x86.Build.0 = Release|Any CPU
		{507B55A7-7237-4568-AAD1-019AD3E36CE8}.Debug|Any CPU.ActiveCfg = Debug|Any CPU
		{507B55A7-7237-4568-AAD1-019AD3E36CE8}.Debug|Any CPU.Build.0 = Debug|Any CPU
		{507B55A7-7237-4568-AAD1-019AD3E36CE8}.Debug|x64.ActiveCfg = Debug|Any CPU
		{507B55A7-7237-4568-AAD1-019AD3E36CE8}.Debug|x64.Build.0 = Debug|Any CPU
		{507B55A7-7237-4568-AAD1-019AD3E36CE8}.Debug|x86.ActiveCfg = Debug|Any CPU
		{507B55A7-7237-4568-AAD1-019AD3E36CE8}.Debug|x86.Build.0 = Debug|Any CPU
		{507B55A7-7237-4568-AAD1-019AD3E36CE8}.Release|Any CPU.ActiveCfg = Release|Any CPU
		{507B55A7-7237-4568-AAD1-019AD3E36CE8}.Release|Any CPU.Build.0 = Release|Any CPU
		{507B55A7-7237-4568-AAD1-019AD3E36CE8}.Release|x64.ActiveCfg = Release|Any CPU
		{507B55A7-7237-4568-AAD1-019AD3E36CE8}.Release|x64.Build.0 = Release|Any CPU
		{507B55A7-7237-4568-AAD1-019AD3E36CE8}.Release|x86.ActiveCfg = Release|Any CPU
		{507B55A7-7237-4568-AAD1-019AD3E36CE8}.Release|x86.Build.0 = Release|Any CPU
		{14716618-C42A-4268-91D7-C7CF40F865F7}.Debug|Any CPU.ActiveCfg = Debug|Any CPU
		{14716618-C42A-4268-91D7-C7CF40F865F7}.Debug|Any CPU.Build.0 = Debug|Any CPU
		{14716618-C42A-4268-91D7-C7CF40F865F7}.Debug|x64.ActiveCfg = Debug|Any CPU
		{14716618-C42A-4268-91D7-C7CF40F865F7}.Debug|x64.Build.0 = Debug|Any CPU
		{14716618-C42A-4268-91D7-C7CF40F865F7}.Debug|x86.ActiveCfg = Debug|Any CPU
		{14716618-C42A-4268-91D7-C7CF40F865F7}.Debug|x86.Build.0 = Debug|Any CPU
		{14716618-C42A-4268-91D7-C7CF40F865F7}.Release|Any CPU.ActiveCfg = Release|Any CPU
		{14716618-C42A-4268-91D7-C7CF40F865F7}.Release|Any CPU.Build.0 = Release|Any CPU
		{14716618-C42A-4268-91D7-C7CF40F865F7}.Release|x64.ActiveCfg = Release|Any CPU
		{14716618-C42A-4268-91D7-C7CF40F865F7}.Release|x64.Build.0 = Release|Any CPU
		{14716618-C42A-4268-91D7-C7CF40F865F7}.Release|x86.ActiveCfg = Release|Any CPU
		{14716618-C42A-4268-91D7-C7CF40F865F7}.Release|x86.Build.0 = Release|Any CPU
		{EE74BC0C-89CD-4508-9BD6-A8220A947844}.Debug|Any CPU.ActiveCfg = Debug|Any CPU
		{EE74BC0C-89CD-4508-9BD6-A8220A947844}.Debug|Any CPU.Build.0 = Debug|Any CPU
		{EE74BC0C-89CD-4508-9BD6-A8220A947844}.Debug|x64.ActiveCfg = Debug|Any CPU
		{EE74BC0C-89CD-4508-9BD6-A8220A947844}.Debug|x64.Build.0 = Debug|Any CPU
		{EE74BC0C-89CD-4508-9BD6-A8220A947844}.Debug|x86.ActiveCfg = Debug|Any CPU
		{EE74BC0C-89CD-4508-9BD6-A8220A947844}.Debug|x86.Build.0 = Debug|Any CPU
		{EE74BC0C-89CD-4508-9BD6-A8220A947844}.Release|Any CPU.ActiveCfg = Release|Any CPU
		{EE74BC0C-89CD-4508-9BD6-A8220A947844}.Release|Any CPU.Build.0 = Release|Any CPU
		{EE74BC0C-89CD-4508-9BD6-A8220A947844}.Release|x64.ActiveCfg = Release|Any CPU
		{EE74BC0C-89CD-4508-9BD6-A8220A947844}.Release|x64.Build.0 = Release|Any CPU
		{EE74BC0C-89CD-4508-9BD6-A8220A947844}.Release|x86.ActiveCfg = Release|Any CPU
		{EE74BC0C-89CD-4508-9BD6-A8220A947844}.Release|x86.Build.0 = Release|Any CPU
		{1D06C756-4B39-459F-A131-AD7557C5F430}.Debug|Any CPU.ActiveCfg = Debug|Any CPU
		{1D06C756-4B39-459F-A131-AD7557C5F430}.Debug|Any CPU.Build.0 = Debug|Any CPU
		{1D06C756-4B39-459F-A131-AD7557C5F430}.Debug|x64.ActiveCfg = Debug|Any CPU
		{1D06C756-4B39-459F-A131-AD7557C5F430}.Debug|x64.Build.0 = Debug|Any CPU
		{1D06C756-4B39-459F-A131-AD7557C5F430}.Debug|x86.ActiveCfg = Debug|Any CPU
		{1D06C756-4B39-459F-A131-AD7557C5F430}.Debug|x86.Build.0 = Debug|Any CPU
		{1D06C756-4B39-459F-A131-AD7557C5F430}.Release|Any CPU.ActiveCfg = Release|Any CPU
		{1D06C756-4B39-459F-A131-AD7557C5F430}.Release|Any CPU.Build.0 = Release|Any CPU
		{1D06C756-4B39-459F-A131-AD7557C5F430}.Release|x64.ActiveCfg = Release|Any CPU
		{1D06C756-4B39-459F-A131-AD7557C5F430}.Release|x64.Build.0 = Release|Any CPU
		{1D06C756-4B39-459F-A131-AD7557C5F430}.Release|x86.ActiveCfg = Release|Any CPU
		{1D06C756-4B39-459F-A131-AD7557C5F430}.Release|x86.Build.0 = Release|Any CPU
		{ECF69832-CFC7-4342-9523-DE4E44EB9792}.Debug|Any CPU.ActiveCfg = Debug|Any CPU
		{ECF69832-CFC7-4342-9523-DE4E44EB9792}.Debug|Any CPU.Build.0 = Debug|Any CPU
		{ECF69832-CFC7-4342-9523-DE4E44EB9792}.Debug|x64.ActiveCfg = Debug|Any CPU
		{ECF69832-CFC7-4342-9523-DE4E44EB9792}.Debug|x64.Build.0 = Debug|Any CPU
		{ECF69832-CFC7-4342-9523-DE4E44EB9792}.Debug|x86.ActiveCfg = Debug|Any CPU
		{ECF69832-CFC7-4342-9523-DE4E44EB9792}.Debug|x86.Build.0 = Debug|Any CPU
		{ECF69832-CFC7-4342-9523-DE4E44EB9792}.Release|Any CPU.ActiveCfg = Release|Any CPU
		{ECF69832-CFC7-4342-9523-DE4E44EB9792}.Release|Any CPU.Build.0 = Release|Any CPU
		{ECF69832-CFC7-4342-9523-DE4E44EB9792}.Release|x64.ActiveCfg = Release|Any CPU
		{ECF69832-CFC7-4342-9523-DE4E44EB9792}.Release|x64.Build.0 = Release|Any CPU
		{ECF69832-CFC7-4342-9523-DE4E44EB9792}.Release|x86.ActiveCfg = Release|Any CPU
		{ECF69832-CFC7-4342-9523-DE4E44EB9792}.Release|x86.Build.0 = Release|Any CPU
		{7DA80943-CFC8-5453-A634-EF5F55FC9903}.Debug|Any CPU.ActiveCfg = Debug|Any CPU
		{7DA80943-CFC8-5453-A634-EF5F55FC9903}.Debug|Any CPU.Build.0 = Debug|Any CPU
		{7DA80943-CFC8-5453-A634-EF5F55FC9903}.Debug|x64.ActiveCfg = Debug|Any CPU
		{7DA80943-CFC8-5453-A634-EF5F55FC9903}.Debug|x64.Build.0 = Debug|Any CPU
		{7DA80943-CFC8-5453-A634-EF5F55FC9903}.Debug|x86.ActiveCfg = Debug|Any CPU
		{7DA80943-CFC8-5453-A634-EF5F55FC9903}.Debug|x86.Build.0 = Debug|Any CPU
		{7DA80943-CFC8-5453-A634-EF5F55FC9903}.Release|Any CPU.ActiveCfg = Release|Any CPU
		{7DA80943-CFC8-5453-A634-EF5F55FC9903}.Release|Any CPU.Build.0 = Release|Any CPU
		{7DA80943-CFC8-5453-A634-EF5F55FC9903}.Release|x64.ActiveCfg = Release|Any CPU
		{7DA80943-CFC8-5453-A634-EF5F55FC9903}.Release|x64.Build.0 = Release|Any CPU
		{7DA80943-CFC8-5453-A634-EF5F55FC9903}.Release|x86.ActiveCfg = Release|Any CPU
		{7DA80943-CFC8-5453-A634-EF5F55FC9903}.Release|x86.Build.0 = Release|Any CPU
	EndGlobalSection
	GlobalSection(SolutionProperties) = preSolution
		HideSolutionNode = FALSE
	EndGlobalSection
	GlobalSection(NestedProjects) = preSolution
		{ECF69832-CFC7-4342-9523-DE4E44EB9792} = {43D81633-74DF-49BE-8911-4E2BB20A9860}
		{7DA80943-CFC8-5453-A634-EF5F55FC9903} = {43D81633-74DF-49BE-8911-4E2BB20A9860}
	EndGlobalSection
EndGlobal
